
Microsoft Visual Studio Solution File, Format Version 12.00
# Visual Studio Version 17
VisualStudioVersion = 17.2.32616.157
MinimumVisualStudioVersion = 10.0.40219.1
Project("{8BC9CEB8-8B4A-11D0-8D11-00A0C91BC942}") = "000_hw3_2", "000_hw3_2\000_hw3_2.vcxproj", "{5234F976-4BB3-466F-908B-35D69F9596C4}"
EndProject
Global
	GlobalSection(SolutionConfigurationPlatforms) = preSolution
		Debug|x64 = Debug|x64
		Debug|x86 = Debug|x86
		Release|x64 = Release|x64
		Release|x86 = Release|x86
	EndGlobalSection
	GlobalSection(ProjectConfigurationPlatforms) = postSolution
		{5234F976-4BB3-466F-908B-35D69F9596C4}.Debug|x64.ActiveCfg = Debug|x64
		{5234F976-4BB3-466F-908B-35D69F9596C4}.Debug|x64.Build.0 = Debug|x64
		{5234F976-4BB3-466F-908B-35D69F9596C4}.Debug|x86.ActiveCfg = Debug|Win32
		{5234F976-4BB3-466F-908B-35D69F9596C4}.Debug|x86.Build.0 = Debug|Win32
		{5234F976-4BB3-466F-908B-35D69F9596C4}.Release|x64.ActiveCfg = Release|x64
		{5234F976-4BB3-466F-908B-35D69F9596C4}.Release|x64.Build.0 = Release|x64
		{5234F976-4BB3-466F-908B-35D69F9596C4}.Release|x86.ActiveCfg = Release|Win32
		{5234F976-4BB3-466F-908B-35D69F9596C4}.Release|x86.Build.0 = Release|Win32
	EndGlobalSection
	GlobalSection(SolutionProperties) = preSolution
		HideSolutionNode = FALSE
	EndGlobalSection
	GlobalSection(ExtensibilityGlobals) = postSolution
		SolutionGuid = {DB5971DA-AFF8-4835-8FE8-47CC5E69AD92}
	EndGlobalSection
EndGlobal
